// !$*UTF8*$!
{
	archiveVersion = 1;
	classes = {
	};
	objectVersion = 50;
	objects = {

/* Begin PBXBuildFile section */
		B547E466208D97A900FBF67B /* EditPicViewController.swift in Sources */ = {isa = PBXBuildFile; fileRef = B547E465208D97A900FBF67B /* EditPicViewController.swift */; };
		B547E468208D9EF900FBF67B /* PassthroughView.swift in Sources */ = {isa = PBXBuildFile; fileRef = B547E467208D9EF900FBF67B /* PassthroughView.swift */; };
		B547E46A208DA56600FBF67B /* Constants.swift in Sources */ = {isa = PBXBuildFile; fileRef = B547E469208DA56600FBF67B /* Constants.swift */; };
		B583A1B52086C8FE002C4EA7 /* AppDelegate.swift in Sources */ = {isa = PBXBuildFile; fileRef = B583A1B42086C8FE002C4EA7 /* AppDelegate.swift */; };
		B583A1BA2086C8FE002C4EA7 /* Main.storyboard in Resources */ = {isa = PBXBuildFile; fileRef = B583A1B82086C8FE002C4EA7 /* Main.storyboard */; };
		B583A1BC2086C8FE002C4EA7 /* Assets.xcassets in Resources */ = {isa = PBXBuildFile; fileRef = B583A1BB2086C8FE002C4EA7 /* Assets.xcassets */; };
		B583A1BF2086C8FE002C4EA7 /* LaunchScreen.storyboard in Resources */ = {isa = PBXBuildFile; fileRef = B583A1BD2086C8FE002C4EA7 /* LaunchScreen.storyboard */; };
		B583A1CA2086C8FE002C4EA7 /* QuickPicTests.swift in Sources */ = {isa = PBXBuildFile; fileRef = B583A1C92086C8FE002C4EA7 /* QuickPicTests.swift */; };
		B583A2072086CED0002C4EA7 /* CorePageViewController.swift in Sources */ = {isa = PBXBuildFile; fileRef = B583A2062086CED0002C4EA7 /* CorePageViewController.swift */; };
		B59BA6222086F178005B66CB /* CameraViewController.swift in Sources */ = {isa = PBXBuildFile; fileRef = B59BA6212086F178005B66CB /* CameraViewController.swift */; };
		B59BA6262086F716005B66CB /* UIViewController+Helpers.swift in Sources */ = {isa = PBXBuildFile; fileRef = B59BA6252086F716005B66CB /* UIViewController+Helpers.swift */; };
		B5D05289208EEC5A00BD3802 /* QPButton.swift in Sources */ = {isa = PBXBuildFile; fileRef = B5D05288208EEC5A00BD3802 /* QPButton.swift */; };
/* End PBXBuildFile section */

/* Begin PBXContainerItemProxy section */
		B583A1C62086C8FE002C4EA7 /* PBXContainerItemProxy */ = {
			isa = PBXContainerItemProxy;
			containerPortal = B583A1A92086C8FE002C4EA7 /* Project object */;
			proxyType = 1;
			remoteGlobalIDString = B583A1B02086C8FE002C4EA7;
			remoteInfo = QuickPic;
		};
/* End PBXContainerItemProxy section */

/* Begin PBXFileReference section */
		B547E465208D97A900FBF67B /* EditPicViewController.swift */ = {isa = PBXFileReference; lastKnownFileType = sourcecode.swift; path = EditPicViewController.swift; sourceTree = "<group>"; };
		B547E467208D9EF900FBF67B /* PassthroughView.swift */ = {isa = PBXFileReference; lastKnownFileType = sourcecode.swift; path = PassthroughView.swift; sourceTree = "<group>"; };
		B547E469208DA56600FBF67B /* Constants.swift */ = {isa = PBXFileReference; lastKnownFileType = sourcecode.swift; path = Constants.swift; sourceTree = "<group>"; };
		B583A1B12086C8FE002C4EA7 /* QuickPic.app */ = {isa = PBXFileReference; explicitFileType = wrapper.application; includeInIndex = 0; path = QuickPic.app; sourceTree = BUILT_PRODUCTS_DIR; };
		B583A1B42086C8FE002C4EA7 /* AppDelegate.swift */ = {isa = PBXFileReference; lastKnownFileType = sourcecode.swift; path = AppDelegate.swift; sourceTree = "<group>"; };
		B583A1B92086C8FE002C4EA7 /* Base */ = {isa = PBXFileReference; lastKnownFileType = file.storyboard; name = Base; path = Base.lproj/Main.storyboard; sourceTree = "<group>"; };
		B583A1BB2086C8FE002C4EA7 /* Assets.xcassets */ = {isa = PBXFileReference; lastKnownFileType = folder.assetcatalog; path = Assets.xcassets; sourceTree = "<group>"; };
		B583A1BE2086C8FE002C4EA7 /* Base */ = {isa = PBXFileReference; lastKnownFileType = file.storyboard; name = Base; path = Base.lproj/LaunchScreen.storyboard; sourceTree = "<group>"; };
		B583A1C02086C8FE002C4EA7 /* Info.plist */ = {isa = PBXFileReference; lastKnownFileType = text.plist.xml; path = Info.plist; sourceTree = "<group>"; };
		B583A1C52086C8FE002C4EA7 /* QuickPicTests.xctest */ = {isa = PBXFileReference; explicitFileType = wrapper.cfbundle; includeInIndex = 0; path = QuickPicTests.xctest; sourceTree = BUILT_PRODUCTS_DIR; };
		B583A1C92086C8FE002C4EA7 /* QuickPicTests.swift */ = {isa = PBXFileReference; lastKnownFileType = sourcecode.swift; path = QuickPicTests.swift; sourceTree = "<group>"; };
		B583A1CB2086C8FE002C4EA7 /* Info.plist */ = {isa = PBXFileReference; lastKnownFileType = text.plist.xml; path = Info.plist; sourceTree = "<group>"; };
		B583A2062086CED0002C4EA7 /* CorePageViewController.swift */ = {isa = PBXFileReference; lastKnownFileType = sourcecode.swift; path = CorePageViewController.swift; sourceTree = "<group>"; };
		B59BA6212086F178005B66CB /* CameraViewController.swift */ = {isa = PBXFileReference; lastKnownFileType = sourcecode.swift; path = CameraViewController.swift; sourceTree = "<group>"; };
		B59BA6252086F716005B66CB /* UIViewController+Helpers.swift */ = {isa = PBXFileReference; lastKnownFileType = sourcecode.swift; path = "UIViewController+Helpers.swift"; sourceTree = "<group>"; };
		B5D05288208EEC5A00BD3802 /* QPButton.swift */ = {isa = PBXFileReference; lastKnownFileType = sourcecode.swift; path = QPButton.swift; sourceTree = "<group>"; };
/* End PBXFileReference section */

/* Begin PBXFrameworksBuildPhase section */
		B583A1AE2086C8FE002C4EA7 /* Frameworks */ = {
			isa = PBXFrameworksBuildPhase;
			buildActionMask = 2147483647;
			files = (
			);
			runOnlyForDeploymentPostprocessing = 0;
		};
		B583A1C22086C8FE002C4EA7 /* Frameworks */ = {
			isa = PBXFrameworksBuildPhase;
			buildActionMask = 2147483647;
			files = (
			);
			runOnlyForDeploymentPostprocessing = 0;
		};
/* End PBXFrameworksBuildPhase section */

/* Begin PBXGroup section */
		B583A1A82086C8FE002C4EA7 = {
			isa = PBXGroup;
			children = (
				B583A1B32086C8FE002C4EA7 /* QuickPic */,
				B583A1C82086C8FE002C4EA7 /* QuickPicTests */,
				B583A1B22086C8FE002C4EA7 /* Products */,
			);
			sourceTree = "<group>";
		};
		B583A1B22086C8FE002C4EA7 /* Products */ = {
			isa = PBXGroup;
			children = (
				B583A1B12086C8FE002C4EA7 /* QuickPic.app */,
				B583A1C52086C8FE002C4EA7 /* QuickPicTests.xctest */,
			);
			name = Products;
			sourceTree = "<group>";
		};
		B583A1B32086C8FE002C4EA7 /* QuickPic */ = {
			isa = PBXGroup;
			children = (
				B583A1B42086C8FE002C4EA7 /* AppDelegate.swift */,
				B583A2062086CED0002C4EA7 /* CorePageViewController.swift */,
				B583A1B82086C8FE002C4EA7 /* Main.storyboard */,
				B583A1BB2086C8FE002C4EA7 /* Assets.xcassets */,
				B583A1BD2086C8FE002C4EA7 /* LaunchScreen.storyboard */,
				B583A1C02086C8FE002C4EA7 /* Info.plist */,
				B59BA6212086F178005B66CB /* CameraViewController.swift */,
				B59BA6252086F716005B66CB /* UIViewController+Helpers.swift */,
				B547E465208D97A900FBF67B /* EditPicViewController.swift */,
				B547E467208D9EF900FBF67B /* PassthroughView.swift */,
				B547E469208DA56600FBF67B /* Constants.swift */,
				B5D05288208EEC5A00BD3802 /* QPButton.swift */,
			);
			path = QuickPic;
			sourceTree = "<group>";
		};
		B583A1C82086C8FE002C4EA7 /* QuickPicTests */ = {
			isa = PBXGroup;
			children = (
				B583A1C92086C8FE002C4EA7 /* QuickPicTests.swift */,
				B583A1CB2086C8FE002C4EA7 /* Info.plist */,
			);
			path = QuickPicTests;
			sourceTree = "<group>";
		};
/* End PBXGroup section */

/* Begin PBXNativeTarget section */
		B583A1B02086C8FE002C4EA7 /* QuickPic */ = {
			isa = PBXNativeTarget;
			buildConfigurationList = B583A1CE2086C8FE002C4EA7 /* Build configuration list for PBXNativeTarget "QuickPic" */;
			buildPhases = (
				B583A1AD2086C8FE002C4EA7 /* Sources */,
				B583A1AE2086C8FE002C4EA7 /* Frameworks */,
				B583A1AF2086C8FE002C4EA7 /* Resources */,
			);
			buildRules = (
			);
			dependencies = (
			);
			name = QuickPic;
			productName = QuickPic;
			productReference = B583A1B12086C8FE002C4EA7 /* QuickPic.app */;
			productType = "com.apple.product-type.application";
		};
		B583A1C42086C8FE002C4EA7 /* QuickPicTests */ = {
			isa = PBXNativeTarget;
			buildConfigurationList = B583A1D12086C8FE002C4EA7 /* Build configuration list for PBXNativeTarget "QuickPicTests" */;
			buildPhases = (
				B583A1C12086C8FE002C4EA7 /* Sources */,
				B583A1C22086C8FE002C4EA7 /* Frameworks */,
				B583A1C32086C8FE002C4EA7 /* Resources */,
			);
			buildRules = (
			);
			dependencies = (
				B583A1C72086C8FE002C4EA7 /* PBXTargetDependency */,
			);
			name = QuickPicTests;
			productName = QuickPicTests;
			productReference = B583A1C52086C8FE002C4EA7 /* QuickPicTests.xctest */;
			productType = "com.apple.product-type.bundle.unit-test";
		};
/* End PBXNativeTarget section */

/* Begin PBXProject section */
		B583A1A92086C8FE002C4EA7 /* Project object */ = {
			isa = PBXProject;
			attributes = {
				LastSwiftUpdateCheck = 0930;
				LastUpgradeCheck = 0930;
				ORGANIZATIONNAME = "Ben Chapman-Kish";
				TargetAttributes = {
					B583A1B02086C8FE002C4EA7 = {
						CreatedOnToolsVersion = 9.3;
					};
					B583A1C42086C8FE002C4EA7 = {
						CreatedOnToolsVersion = 9.3;
						TestTargetID = B583A1B02086C8FE002C4EA7;
					};
				};
			};
			buildConfigurationList = B583A1AC2086C8FE002C4EA7 /* Build configuration list for PBXProject "QuickPic" */;
			compatibilityVersion = "Xcode 9.3";
			developmentRegion = en;
			hasScannedForEncodings = 0;
			knownRegions = (
				en,
				Base,
			);
			mainGroup = B583A1A82086C8FE002C4EA7;
			productRefGroup = B583A1B22086C8FE002C4EA7 /* Products */;
			projectDirPath = "";
			projectRoot = "";
			targets = (
				B583A1B02086C8FE002C4EA7 /* QuickPic */,
				B583A1C42086C8FE002C4EA7 /* QuickPicTests */,
			);
		};
/* End PBXProject section */

/* Begin PBXResourcesBuildPhase section */
		B583A1AF2086C8FE002C4EA7 /* Resources */ = {
			isa = PBXResourcesBuildPhase;
			buildActionMask = 2147483647;
			files = (
				B583A1BF2086C8FE002C4EA7 /* LaunchScreen.storyboard in Resources */,
				B583A1BC2086C8FE002C4EA7 /* Assets.xcassets in Resources */,
				B583A1BA2086C8FE002C4EA7 /* Main.storyboard in Resources */,
			);
			runOnlyForDeploymentPostprocessing = 0;
		};
		B583A1C32086C8FE002C4EA7 /* Resources */ = {
			isa = PBXResourcesBuildPhase;
			buildActionMask = 2147483647;
			files = (
			);
			runOnlyForDeploymentPostprocessing = 0;
		};
/* End PBXResourcesBuildPhase section */

/* Begin PBXSourcesBuildPhase section */
		B583A1AD2086C8FE002C4EA7 /* Sources */ = {
			isa = PBXSourcesBuildPhase;
			buildActionMask = 2147483647;
			files = (
				B59BA6262086F716005B66CB /* UIViewController+Helpers.swift in Sources */,
				B547E468208D9EF900FBF67B /* PassthroughView.swift in Sources */,
				B583A2072086CED0002C4EA7 /* CorePageViewController.swift in Sources */,
				B583A1B52086C8FE002C4EA7 /* AppDelegate.swift in Sources */,
				B547E46A208DA56600FBF67B /* Constants.swift in Sources */,
				B59BA6222086F178005B66CB /* CameraViewController.swift in Sources */,
				B5D05289208EEC5A00BD3802 /* QPButton.swift in Sources */,
				B547E466208D97A900FBF67B /* EditPicViewController.swift in Sources */,
			);
			runOnlyForDeploymentPostprocessing = 0;
		};
		B583A1C12086C8FE002C4EA7 /* Sources */ = {
			isa = PBXSourcesBuildPhase;
			buildActionMask = 2147483647;
			files = (
				B583A1CA2086C8FE002C4EA7 /* QuickPicTests.swift in Sources */,
			);
			runOnlyForDeploymentPostprocessing = 0;
		};
/* End PBXSourcesBuildPhase section */

/* Begin PBXTargetDependency section */
		B583A1C72086C8FE002C4EA7 /* PBXTargetDependency */ = {
			isa = PBXTargetDependency;
			target = B583A1B02086C8FE002C4EA7 /* QuickPic */;
			targetProxy = B583A1C62086C8FE002C4EA7 /* PBXContainerItemProxy */;
		};
/* End PBXTargetDependency section */

/* Begin PBXVariantGroup section */
		B583A1B82086C8FE002C4EA7 /* Main.storyboard */ = {
			isa = PBXVariantGroup;
			children = (
				B583A1B92086C8FE002C4EA7 /* Base */,
			);
			name = Main.storyboard;
			sourceTree = "<group>";
		};
		B583A1BD2086C8FE002C4EA7 /* LaunchScreen.storyboard */ = {
			isa = PBXVariantGroup;
			children = (
				B583A1BE2086C8FE002C4EA7 /* Base */,
			);
			name = LaunchScreen.storyboard;
			sourceTree = "<group>";
		};
/* End PBXVariantGroup section */

/* Begin XCBuildConfiguration section */
		B583A1CC2086C8FE002C4EA7 /* Debug */ = {
			isa = XCBuildConfiguration;
			buildSettings = {
				ALWAYS_SEARCH_USER_PATHS = NO;
				CLANG_ANALYZER_NONNULL = YES;
				CLANG_ANALYZER_NUMBER_OBJECT_CONVERSION = YES_AGGRESSIVE;
				CLANG_CXX_LANGUAGE_STANDARD = "gnu++14";
				CLANG_CXX_LIBRARY = "libc++";
				CLANG_ENABLE_MODULES = YES;
				CLANG_ENABLE_OBJC_ARC = YES;
				CLANG_ENABLE_OBJC_WEAK = YES;
				CLANG_WARN_BLOCK_CAPTURE_AUTORELEASING = YES;
				CLANG_WARN_BOOL_CONVERSION = YES;
				CLANG_WARN_COMMA = YES;
				CLANG_WARN_CONSTANT_CONVERSION = YES;
				CLANG_WARN_DEPRECATED_OBJC_IMPLEMENTATIONS = YES;
				CLANG_WARN_DIRECT_OBJC_ISA_USAGE = YES_ERROR;
				CLANG_WARN_DOCUMENTATION_COMMENTS = YES;
				CLANG_WARN_EMPTY_BODY = YES;
				CLANG_WARN_ENUM_CONVERSION = YES;
				CLANG_WARN_INFINITE_RECURSION = YES;
				CLANG_WARN_INT_CONVERSION = YES;
				CLANG_WARN_NON_LITERAL_NULL_CONVERSION = YES;
				CLANG_WARN_OBJC_IMPLICIT_RETAIN_SELF = YES;
				CLANG_WARN_OBJC_LITERAL_CONVERSION = YES;
				CLANG_WARN_OBJC_ROOT_CLASS = YES_ERROR;
				CLANG_WARN_RANGE_LOOP_ANALYSIS = YES;
				CLANG_WARN_STRICT_PROTOTYPES = YES;
				CLANG_WARN_SUSPICIOUS_MOVE = YES;
				CLANG_WARN_UNGUARDED_AVAILABILITY = YES_AGGRESSIVE;
				CLANG_WARN_UNREACHABLE_CODE = YES;
				CLANG_WARN__DUPLICATE_METHOD_MATCH = YES;
				CODE_SIGN_IDENTITY = "iPhone Developer";
				COPY_PHASE_STRIP = NO;
				DEBUG_INFORMATION_FORMAT = dwarf;
				ENABLE_STRICT_OBJC_MSGSEND = YES;
				ENABLE_TESTABILITY = YES;
				GCC_C_LANGUAGE_STANDARD = gnu11;
				GCC_DYNAMIC_NO_PIC = NO;
				GCC_NO_COMMON_BLOCKS = YES;
				GCC_OPTIMIZATION_LEVEL = 0;
				GCC_PREPROCESSOR_DEFINITIONS = (
					"DEBUG=1",
					"$(inherited)",
				);
				GCC_WARN_64_TO_32_BIT_CONVERSION = YES;
				GCC_WARN_ABOUT_RETURN_TYPE = YES_ERROR;
				GCC_WARN_UNDECLARED_SELECTOR = YES;
				GCC_WARN_UNINITIALIZED_AUTOS = YES_AGGRESSIVE;
				GCC_WARN_UNUSED_FUNCTION = YES;
				GCC_WARN_UNUSED_VARIABLE = YES;
				IPHONEOS_DEPLOYMENT_TARGET = 11.3;
				MTL_ENABLE_DEBUG_INFO = YES;
				ONLY_ACTIVE_ARCH = YES;
				SDKROOT = iphoneos;
				SWIFT_ACTIVE_COMPILATION_CONDITIONS = DEBUG;
				SWIFT_OPTIMIZATION_LEVEL = "-Onone";
			};
			name = Debug;
		};
		B583A1CD2086C8FE002C4EA7 /* Release */ = {
			isa = XCBuildConfiguration;
			buildSettings = {
				ALWAYS_SEARCH_USER_PATHS = NO;
				CLANG_ANALYZER_NONNULL = YES;
				CLANG_ANALYZER_NUMBER_OBJECT_CONVERSION = YES_AGGRESSIVE;
				CLANG_CXX_LANGUAGE_STANDARD = "gnu++14";
				CLANG_CXX_LIBRARY = "libc++";
				CLANG_ENABLE_MODULES = YES;
				CLANG_ENABLE_OBJC_ARC = YES;
				CLANG_ENABLE_OBJC_WEAK = YES;
				CLANG_WARN_BLOCK_CAPTURE_AUTORELEASING = YES;
				CLANG_WARN_BOOL_CONVERSION = YES;
				CLANG_WARN_COMMA = YES;
				CLANG_WARN_CONSTANT_CONVERSION = YES;
				CLANG_WARN_DEPRECATED_OBJC_IMPLEMENTATIONS = YES;
				CLANG_WARN_DIRECT_OBJC_ISA_USAGE = YES_ERROR;
				CLANG_WARN_DOCUMENTATION_COMMENTS = YES;
				CLANG_WARN_EMPTY_BODY = YES;
				CLANG_WARN_ENUM_CONVERSION = YES;
				CLANG_WARN_INFINITE_RECURSION = YES;
				CLANG_WARN_INT_CONVERSION = YES;
				CLANG_WARN_NON_LITERAL_NULL_CONVERSION = YES;
				CLANG_WARN_OBJC_IMPLICIT_RETAIN_SELF = YES;
				CLANG_WARN_OBJC_LITERAL_CONVERSION = YES;
				CLANG_WARN_OBJC_ROOT_CLASS = YES_ERROR;
				CLANG_WARN_RANGE_LOOP_ANALYSIS = YES;
				CLANG_WARN_STRICT_PROTOTYPES = YES;
				CLANG_WARN_SUSPICIOUS_MOVE = YES;
				CLANG_WARN_UNGUARDED_AVAILABILITY = YES_AGGRESSIVE;
				CLANG_WARN_UNREACHABLE_CODE = YES;
				CLANG_WARN__DUPLICATE_METHOD_MATCH = YES;
				CODE_SIGN_IDENTITY = "iPhone Developer";
				COPY_PHASE_STRIP = NO;
				DEBUG_INFORMATION_FORMAT = "dwarf-with-dsym";
				ENABLE_NS_ASSERTIONS = NO;
				ENABLE_STRICT_OBJC_MSGSEND = YES;
				GCC_C_LANGUAGE_STANDARD = gnu11;
				GCC_NO_COMMON_BLOCKS = YES;
				GCC_WARN_64_TO_32_BIT_CONVERSION = YES;
				GCC_WARN_ABOUT_RETURN_TYPE = YES_ERROR;
				GCC_WARN_UNDECLARED_SELECTOR = YES;
				GCC_WARN_UNINITIALIZED_AUTOS = YES_AGGRESSIVE;
				GCC_WARN_UNUSED_FUNCTION = YES;
				GCC_WARN_UNUSED_VARIABLE = YES;
				IPHONEOS_DEPLOYMENT_TARGET = 11.3;
				MTL_ENABLE_DEBUG_INFO = NO;
				SDKROOT = iphoneos;
				SWIFT_COMPILATION_MODE = wholemodule;
				SWIFT_OPTIMIZATION_LEVEL = "-O";
				VALIDATE_PRODUCT = YES;
			};
			name = Release;
		};
		B583A1CF2086C8FE002C4EA7 /* Debug */ = {
			isa = XCBuildConfiguration;
			buildSettings = {
				ASSETCATALOG_COMPILER_APPICON_NAME = AppIcon;
				CODE_SIGN_STYLE = Automatic;
				DEVELOPMENT_TEAM = USPKJVRG4N;
				INFOPLIST_FILE = QuickPic/Info.plist;
				LD_RUNPATH_SEARCH_PATHS = (
					"$(inherited)",
					"@executable_path/Frameworks",
				);
				PRODUCT_BUNDLE_IDENTIFIER = com.BenCK.QuickPic;
				PRODUCT_NAME = "$(TARGET_NAME)";
				SWIFT_VERSION = 4.0;
				TARGETED_DEVICE_FAMILY = "1,2";
			};
			name = Debug;
		};
		B583A1D02086C8FE002C4EA7 /* Release */ = {
			isa = XCBuildConfiguration;
			buildSettings = {
				ASSETCATALOG_COMPILER_APPICON_NAME = AppIcon;
				CODE_SIGN_STYLE = Automatic;
				DEVELOPMENT_TEAM = USPKJVRG4N;
				INFOPLIST_FILE = QuickPic/Info.plist;
				LD_RUNPATH_SEARCH_PATHS = (
					"$(inherited)",
					"@executable_path/Frameworks",
				);
				PRODUCT_BUNDLE_IDENTIFIER = com.BenCK.QuickPic;
				PRODUCT_NAME = "$(TARGET_NAME)";
				SWIFT_VERSION = 4.0;
				TARGETED_DEVICE_FAMILY = "1,2";
			};
			name = Release;
		};
		B583A1D22086C8FE002C4EA7 /* Debug */ = {
			isa = XCBuildConfiguration;
			buildSettings = {
				ALWAYS_EMBED_SWIFT_STANDARD_LIBRARIES = YES;
				BUNDLE_LOADER = "$(TEST_HOST)";
				CODE_SIGN_STYLE = Automatic;
				DEVELOPMENT_TEAM = USPKJVRG4N;
				INFOPLIST_FILE = QuickPicTests/Info.plist;
				LD_RUNPATH_SEARCH_PATHS = (
					"$(inherited)",
					"@executable_path/Frameworks",
					"@loader_path/Frameworks",
				);
				PRODUCT_BUNDLE_IDENTIFIER = com.BenCK.QuickPicTests;
				PRODUCT_NAME = "$(TARGET_NAME)";
				SWIFT_VERSION = 4.0;
				TARGETED_DEVICE_FAMILY = "1,2";
				TEST_HOST = "$(BUILT_PRODUCTS_DIR)/QuickPic.app/QuickPic";
			};
			name = Debug;
		};
		B583A1D32086C8FE002C4EA7 /* Release */ = {
			isa = XCBuildConfiguration;
			buildSettings = {
				ALWAYS_EMBED_SWIFT_STANDARD_LIBRARIES = YES;
				BUNDLE_LOADER = "$(TEST_HOST)";
				CODE_SIGN_STYLE = Automatic;
				DEVELOPMENT_TEAM = USPKJVRG4N;
				INFOPLIST_FILE = QuickPicTests/Info.plist;
				LD_RUNPATH_SEARCH_PATHS = (
					"$(inherited)",
					"@executable_path/Frameworks",
					"@loader_path/Frameworks",
				);
				PRODUCT_BUNDLE_IDENTIFIER = com.BenCK.QuickPicTests;
				PRODUCT_NAME = "$(TARGET_NAME)";
				SWIFT_VERSION = 4.0;
				TARGETED_DEVICE_FAMILY = "1,2";
				TEST_HOST = "$(BUILT_PRODUCTS_DIR)/QuickPic.app/QuickPic";
			};
			name = Release;
		};
/* End XCBuildConfiguration section */

/* Begin XCConfigurationList section */
		B583A1AC2086C8FE002C4EA7 /* Build configuration list for PBXProject "QuickPic" */ = {
			isa = XCConfigurationList;
			buildConfigurations = (
				B583A1CC2086C8FE002C4EA7 /* Debug */,
				B583A1CD2086C8FE002C4EA7 /* Release */,
			);
			defaultConfigurationIsVisible = 0;
			defaultConfigurationName = Release;
		};
		B583A1CE2086C8FE002C4EA7 /* Build configuration list for PBXNativeTarget "QuickPic" */ = {
			isa = XCConfigurationList;
			buildConfigurations = (
				B583A1CF2086C8FE002C4EA7 /* Debug */,
				B583A1D02086C8FE002C4EA7 /* Release */,
			);
			defaultConfigurationIsVisible = 0;
			defaultConfigurationName = Release;
		};
		B583A1D12086C8FE002C4EA7 /* Build configuration list for PBXNativeTarget "QuickPicTests" */ = {
			isa = XCConfigurationList;
			buildConfigurations = (
				B583A1D22086C8FE002C4EA7 /* Debug */,
				B583A1D32086C8FE002C4EA7 /* Release */,
			);
			defaultConfigurationIsVisible = 0;
			defaultConfigurationName = Release;
		};
/* End XCConfigurationList section */
	};
	rootObject = B583A1A92086C8FE002C4EA7 /* Project object */;
}
